// !$*UTF8*$!
{
	archiveVersion = 1;
	classes = {
	};
	objectVersion = 48;
	objects = {

/* Begin PBXBuildFile section */
		984128A91F2CEEB10001E600 /* Category.swift in Sources */ = {isa = PBXBuildFile; fileRef = 984128A81F2CEEB10001E600 /* Category.swift */; };
		984128AC1F2CF02D0001E600 /* DataService.swift in Sources */ = {isa = PBXBuildFile; fileRef = 984128AB1F2CF02D0001E600 /* DataService.swift */; };
		984128AE1F2D00460001E600 /* ProductCell.swift in Sources */ = {isa = PBXBuildFile; fileRef = 984128AD1F2D00460001E600 /* ProductCell.swift */; };
		98C22B671F2CE6AB00E3D4EC /* AppDelegate.swift in Sources */ = {isa = PBXBuildFile; fileRef = 98C22B661F2CE6AB00E3D4EC /* AppDelegate.swift */; };
		98C22B691F2CE6AB00E3D4EC /* CategoriesVC.swift in Sources */ = {isa = PBXBuildFile; fileRef = 98C22B681F2CE6AB00E3D4EC /* CategoriesVC.swift */; };
		98C22B6C1F2CE6AB00E3D4EC /* Main.storyboard in Resources */ = {isa = PBXBuildFile; fileRef = 98C22B6A1F2CE6AB00E3D4EC /* Main.storyboard */; };
		98C22B6E1F2CE6AB00E3D4EC /* Assets.xcassets in Resources */ = {isa = PBXBuildFile; fileRef = 98C22B6D1F2CE6AB00E3D4EC /* Assets.xcassets */; };
		98C22B711F2CE6AB00E3D4EC /* LaunchScreen.storyboard in Resources */ = {isa = PBXBuildFile; fileRef = 98C22B6F1F2CE6AB00E3D4EC /* LaunchScreen.storyboard */; };
		98C22B7C1F2CEC9000E3D4EC /* CategoryCell.swift in Sources */ = {isa = PBXBuildFile; fileRef = 98C22B7B1F2CEC9000E3D4EC /* CategoryCell.swift */; };
/* End PBXBuildFile section */

/* Begin PBXFileReference section */
		984128A81F2CEEB10001E600 /* Category.swift */ = {isa = PBXFileReference; lastKnownFileType = sourcecode.swift; path = Category.swift; sourceTree = "<group>"; };
		984128AB1F2CF02D0001E600 /* DataService.swift */ = {isa = PBXFileReference; lastKnownFileType = sourcecode.swift; path = DataService.swift; sourceTree = "<group>"; };
		984128AD1F2D00460001E600 /* ProductCell.swift */ = {isa = PBXFileReference; lastKnownFileType = sourcecode.swift; path = ProductCell.swift; sourceTree = "<group>"; };
		98C22B631F2CE6AB00E3D4EC /* CoderSwag.app */ = {isa = PBXFileReference; explicitFileType = wrapper.application; includeInIndex = 0; path = CoderSwag.app; sourceTree = BUILT_PRODUCTS_DIR; };
		98C22B661F2CE6AB00E3D4EC /* AppDelegate.swift */ = {isa = PBXFileReference; lastKnownFileType = sourcecode.swift; path = AppDelegate.swift; sourceTree = "<group>"; };
		98C22B681F2CE6AB00E3D4EC /* CategoriesVC.swift */ = {isa = PBXFileReference; lastKnownFileType = sourcecode.swift; path = CategoriesVC.swift; sourceTree = "<group>"; };
		98C22B6B1F2CE6AB00E3D4EC /* Base */ = {isa = PBXFileReference; lastKnownFileType = file.storyboard; name = Base; path = Base.lproj/Main.storyboard; sourceTree = "<group>"; };
		98C22B6D1F2CE6AB00E3D4EC /* Assets.xcassets */ = {isa = PBXFileReference; lastKnownFileType = folder.assetcatalog; path = Assets.xcassets; sourceTree = "<group>"; };
		98C22B701F2CE6AB00E3D4EC /* Base */ = {isa = PBXFileReference; lastKnownFileType = file.storyboard; name = Base; path = Base.lproj/LaunchScreen.storyboard; sourceTree = "<group>"; };
		98C22B721F2CE6AB00E3D4EC /* Info.plist */ = {isa = PBXFileReference; lastKnownFileType = text.plist.xml; path = Info.plist; sourceTree = "<group>"; };
		98C22B7B1F2CEC9000E3D4EC /* CategoryCell.swift */ = {isa = PBXFileReference; lastKnownFileType = sourcecode.swift; path = CategoryCell.swift; sourceTree = "<group>"; };
/* End PBXFileReference section */

/* Begin PBXFrameworksBuildPhase section */
		98C22B601F2CE6AB00E3D4EC /* Frameworks */ = {
			isa = PBXFrameworksBuildPhase;
			buildActionMask = 2147483647;
			files = (
			);
			runOnlyForDeploymentPostprocessing = 0;
		};
/* End PBXFrameworksBuildPhase section */

/* Begin PBXGroup section */
		984128AA1F2CF0240001E600 /* Services */ = {
			isa = PBXGroup;
			children = (
				984128AB1F2CF02D0001E600 /* DataService.swift */,
			);
			path = Services;
			sourceTree = "<group>";
		};
		98C22B5A1F2CE6AB00E3D4EC = {
			isa = PBXGroup;
			children = (
				98C22B651F2CE6AB00E3D4EC /* CoderSwag */,
				98C22B641F2CE6AB00E3D4EC /* Products */,
			);
			sourceTree = "<group>";
		};
		98C22B641F2CE6AB00E3D4EC /* Products */ = {
			isa = PBXGroup;
			children = (
				98C22B631F2CE6AB00E3D4EC /* CoderSwag.app */,
			);
			name = Products;
			sourceTree = "<group>";
		};
		98C22B651F2CE6AB00E3D4EC /* CoderSwag */ = {
			isa = PBXGroup;
			children = (
				984128AA1F2CF0240001E600 /* Services */,
				98C22B7A1F2CEC2D00E3D4EC /* Model */,
				98C22B791F2CEC2800E3D4EC /* View */,
				98C22B781F2CEC2100E3D4EC /* Controller */,
				98C22B661F2CE6AB00E3D4EC /* AppDelegate.swift */,
				98C22B6A1F2CE6AB00E3D4EC /* Main.storyboard */,
				98C22B6D1F2CE6AB00E3D4EC /* Assets.xcassets */,
				98C22B6F1F2CE6AB00E3D4EC /* LaunchScreen.storyboard */,
				98C22B721F2CE6AB00E3D4EC /* Info.plist */,
			);
			path = CoderSwag;
			sourceTree = "<group>";
		};
		98C22B781F2CEC2100E3D4EC /* Controller */ = {
			isa = PBXGroup;
			children = (
				98C22B681F2CE6AB00E3D4EC /* CategoriesVC.swift */,
			);
			path = Controller;
			sourceTree = "<group>";
		};
		98C22B791F2CEC2800E3D4EC /* View */ = {
			isa = PBXGroup;
			children = (
				98C22B7B1F2CEC9000E3D4EC /* CategoryCell.swift */,
				984128AD1F2D00460001E600 /* ProductCell.swift */,
			);
			path = View;
			sourceTree = "<group>";
		};
		98C22B7A1F2CEC2D00E3D4EC /* Model */ = {
			isa = PBXGroup;
			children = (
				984128A81F2CEEB10001E600 /* Category.swift */,
			);
			path = Model;
			sourceTree = "<group>";
		};
/* End PBXGroup section */

/* Begin PBXNativeTarget section */
		98C22B621F2CE6AB00E3D4EC /* CoderSwag */ = {
			isa = PBXNativeTarget;
			buildConfigurationList = 98C22B751F2CE6AB00E3D4EC /* Build configuration list for PBXNativeTarget "CoderSwag" */;
			buildPhases = (
				98C22B5F1F2CE6AB00E3D4EC /* Sources */,
				98C22B601F2CE6AB00E3D4EC /* Frameworks */,
				98C22B611F2CE6AB00E3D4EC /* Resources */,
			);
			buildRules = (
			);
			dependencies = (
			);
			name = CoderSwag;
			productName = CoderSwag;
			productReference = 98C22B631F2CE6AB00E3D4EC /* CoderSwag.app */;
			productType = "com.apple.product-type.application";
		};
/* End PBXNativeTarget section */

/* Begin PBXProject section */
		98C22B5B1F2CE6AB00E3D4EC /* Project object */ = {
			isa = PBXProject;
			attributes = {
				LastSwiftUpdateCheck = 0900;
				LastUpgradeCheck = 0900;
				ORGANIZATIONNAME = "CROSS-A";
				TargetAttributes = {
					98C22B621F2CE6AB00E3D4EC = {
						CreatedOnToolsVersion = 9.0;
					};
				};
			};
			buildConfigurationList = 98C22B5E1F2CE6AB00E3D4EC /* Build configuration list for PBXProject "CoderSwag" */;
			compatibilityVersion = "Xcode 8.0";
			developmentRegion = en;
			hasScannedForEncodings = 0;
			knownRegions = (
				en,
				Base,
			);
			mainGroup = 98C22B5A1F2CE6AB00E3D4EC;
			productRefGroup = 98C22B641F2CE6AB00E3D4EC /* Products */;
			projectDirPath = "";
			projectRoot = "";
			targets = (
				98C22B621F2CE6AB00E3D4EC /* CoderSwag */,
			);
		};
/* End PBXProject section */

/* Begin PBXResourcesBuildPhase section */
		98C22B611F2CE6AB00E3D4EC /* Resources */ = {
			isa = PBXResourcesBuildPhase;
			buildActionMask = 2147483647;
			files = (
				98C22B711F2CE6AB00E3D4EC /* LaunchScreen.storyboard in Resources */,
				98C22B6E1F2CE6AB00E3D4EC /* Assets.xcassets in Resources */,
				98C22B6C1F2CE6AB00E3D4EC /* Main.storyboard in Resources */,
			);
			runOnlyForDeploymentPostprocessing = 0;
		};
/* End PBXResourcesBuildPhase section */

/* Begin PBXSourcesBuildPhase section */
		98C22B5F1F2CE6AB00E3D4EC /* Sources */ = {
			isa = PBXSourcesBuildPhase;
			buildActionMask = 2147483647;
			files = (
				98C22B691F2CE6AB00E3D4EC /* CategoriesVC.swift in Sources */,
				98C22B671F2CE6AB00E3D4EC /* AppDelegate.swift in Sources */,
				98C22B7C1F2CEC9000E3D4EC /* CategoryCell.swift in Sources */,
				984128AE1F2D00460001E600 /* ProductCell.swift in Sources */,
				984128A91F2CEEB10001E600 /* Category.swift in Sources */,
				984128AC1F2CF02D0001E600 /* DataService.swift in Sources */,
			);
			runOnlyForDeploymentPostprocessing = 0;
		};
/* End PBXSourcesBuildPhase section */

/* Begin PBXVariantGroup section */
		98C22B6A1F2CE6AB00E3D4EC /* Main.storyboard */ = {
			isa = PBXVariantGroup;
			children = (
				98C22B6B1F2CE6AB00E3D4EC /* Base */,
			);
			name = Main.storyboard;
			sourceTree = "<group>";
		};
		98C22B6F1F2CE6AB00E3D4EC /* LaunchScreen.storyboard */ = {
			isa = PBXVariantGroup;
			children = (
				98C22B701F2CE6AB00E3D4EC /* Base */,
			);
			name = LaunchScreen.storyboard;
			sourceTree = "<group>";
		};
/* End PBXVariantGroup section */

/* Begin XCBuildConfiguration section */
		98C22B731F2CE6AB00E3D4EC /* Debug */ = {
			isa = XCBuildConfiguration;
			buildSettings = {
				ALWAYS_SEARCH_USER_PATHS = NO;
				CLANG_ANALYZER_NONNULL = YES;
				CLANG_ANALYZER_NUMBER_OBJECT_CONVERSION = YES_AGGRESSIVE;
				CLANG_CXX_LANGUAGE_STANDARD = "gnu++14";
				CLANG_CXX_LIBRARY = "libc++";
				CLANG_ENABLE_MODULES = YES;
				CLANG_ENABLE_OBJC_ARC = YES;
				CLANG_WARN_BLOCK_CAPTURE_AUTORELEASING = YES;
				CLANG_WARN_BOOL_CONVERSION = YES;
				CLANG_WARN_COMMA = YES;
				CLANG_WARN_CONSTANT_CONVERSION = YES;
				CLANG_WARN_DIRECT_OBJC_ISA_USAGE = YES_ERROR;
				CLANG_WARN_DOCUMENTATION_COMMENTS = YES;
				CLANG_WARN_EMPTY_BODY = YES;
				CLANG_WARN_ENUM_CONVERSION = YES;
				CLANG_WARN_INFINITE_RECURSION = YES;
				CLANG_WARN_INT_CONVERSION = YES;
				CLANG_WARN_OBJC_ROOT_CLASS = YES_ERROR;
				CLANG_WARN_RANGE_LOOP_ANALYSIS = YES;
				CLANG_WARN_STRICT_PROTOTYPES = YES;
				CLANG_WARN_SUSPICIOUS_MOVE = YES;
				CLANG_WARN_UNGUARDED_AVAILABILITY = YES_AGGRESSIVE;
				CLANG_WARN_UNREACHABLE_CODE = YES;
				CLANG_WARN__DUPLICATE_METHOD_MATCH = YES;
				CODE_SIGN_IDENTITY = "iPhone Developer";
				COPY_PHASE_STRIP = NO;
				DEBUG_INFORMATION_FORMAT = dwarf;
				ENABLE_STRICT_OBJC_MSGSEND = YES;
				ENABLE_TESTABILITY = YES;
				GCC_C_LANGUAGE_STANDARD = gnu11;
				GCC_DYNAMIC_NO_PIC = NO;
				GCC_NO_COMMON_BLOCKS = YES;
				GCC_OPTIMIZATION_LEVEL = 0;
				GCC_PREPROCESSOR_DEFINITIONS = (
					"DEBUG=1",
					"$(inherited)",
				);
				GCC_WARN_64_TO_32_BIT_CONVERSION = YES;
				GCC_WARN_ABOUT_RETURN_TYPE = YES_ERROR;
				GCC_WARN_UNDECLARED_SELECTOR = YES;
				GCC_WARN_UNINITIALIZED_AUTOS = YES_AGGRESSIVE;
				GCC_WARN_UNUSED_FUNCTION = YES;
				GCC_WARN_UNUSED_VARIABLE = YES;
				IPHONEOS_DEPLOYMENT_TARGET = 11.0;
				MTL_ENABLE_DEBUG_INFO = YES;
				ONLY_ACTIVE_ARCH = YES;
				SDKROOT = iphoneos;
				SWIFT_ACTIVE_COMPILATION_CONDITIONS = DEBUG;
				SWIFT_OPTIMIZATION_LEVEL = "-Onone";
			};
			name = Debug;
		};
		98C22B741F2CE6AB00E3D4EC /* Release */ = {
			isa = XCBuildConfiguration;
			buildSettings = {
				ALWAYS_SEARCH_USER_PATHS = NO;
				CLANG_ANALYZER_NONNULL = YES;
				CLANG_ANALYZER_NUMBER_OBJECT_CONVERSION = YES_AGGRESSIVE;
				CLANG_CXX_LANGUAGE_STANDARD = "gnu++14";
				CLANG_CXX_LIBRARY = "libc++";
				CLANG_ENABLE_MODULES = YES;
				CLANG_ENABLE_OBJC_ARC = YES;
				CLANG_WARN_BLOCK_CAPTURE_AUTORELEASING = YES;
				CLANG_WARN_BOOL_CONVERSION = YES;
				CLANG_WARN_COMMA = YES;
				CLANG_WARN_CONSTANT_CONVERSION = YES;
				CLANG_WARN_DIRECT_OBJC_ISA_USAGE = YES_ERROR;
				CLANG_WARN_DOCUMENTATION_COMMENTS = YES;
				CLANG_WARN_EMPTY_BODY = YES;
				CLANG_WARN_ENUM_CONVERSION = YES;
				CLANG_WARN_INFINITE_RECURSION = YES;
				CLANG_WARN_INT_CONVERSION = YES;
				CLANG_WARN_OBJC_ROOT_CLASS = YES_ERROR;
				CLANG_WARN_RANGE_LOOP_ANALYSIS = YES;
				CLANG_WARN_STRICT_PROTOTYPES = YES;
				CLANG_WARN_SUSPICIOUS_MOVE = YES;
				CLANG_WARN_UNGUARDED_AVAILABILITY = YES_AGGRESSIVE;
				CLANG_WARN_UNREACHABLE_CODE = YES;
				CLANG_WARN__DUPLICATE_METHOD_MATCH = YES;
				CODE_SIGN_IDENTITY = "iPhone Developer";
				COPY_PHASE_STRIP = NO;
				DEBUG_INFORMATION_FORMAT = "dwarf-with-dsym";
				ENABLE_NS_ASSERTIONS = NO;
				ENABLE_STRICT_OBJC_MSGSEND = YES;
				GCC_C_LANGUAGE_STANDARD = gnu11;
				GCC_NO_COMMON_BLOCKS = YES;
				GCC_WARN_64_TO_32_BIT_CONVERSION = YES;
				GCC_WARN_ABOUT_RETURN_TYPE = YES_ERROR;
				GCC_WARN_UNDECLARED_SELECTOR = YES;
				GCC_WARN_UNINITIALIZED_AUTOS = YES_AGGRESSIVE;
				GCC_WARN_UNUSED_FUNCTION = YES;
				GCC_WARN_UNUSED_VARIABLE = YES;
				IPHONEOS_DEPLOYMENT_TARGET = 11.0;
				MTL_ENABLE_DEBUG_INFO = NO;
				SDKROOT = iphoneos;
				SWIFT_OPTIMIZATION_LEVEL = "-Owholemodule";
				VALIDATE_PRODUCT = YES;
			};
			name = Release;
		};
		98C22B761F2CE6AB00E3D4EC /* Debug */ = {
			isa = XCBuildConfiguration;
			buildSettings = {
				ASSETCATALOG_COMPILER_APPICON_NAME = AppIcon;
				DEVELOPMENT_TEAM = 29BFEDRFS6;
				INFOPLIST_FILE = CoderSwag/Info.plist;
				LD_RUNPATH_SEARCH_PATHS = "$(inherited) @executable_path/Frameworks";
				PRODUCT_BUNDLE_IDENTIFIER = "com.cross-a.CoderSwag";
				PRODUCT_NAME = "$(TARGET_NAME)";
				SWIFT_VERSION = 4.0;
				TARGETED_DEVICE_FAMILY = "1,2";
			};
			name = Debug;
		};
		98C22B771F2CE6AB00E3D4EC /* Release */ = {
			isa = XCBuildConfiguration;
			buildSettings = {
				ASSETCATALOG_COMPILER_APPICON_NAME = AppIcon;
				DEVELOPMENT_TEAM = 29BFEDRFS6;
				INFOPLIST_FILE = CoderSwag/Info.plist;
				LD_RUNPATH_SEARCH_PATHS = "$(inherited) @executable_path/Frameworks";
				PRODUCT_BUNDLE_IDENTIFIER = "com.cross-a.CoderSwag";
				PRODUCT_NAME = "$(TARGET_NAME)";
				SWIFT_VERSION = 4.0;
				TARGETED_DEVICE_FAMILY = "1,2";
			};
			name = Release;
		};
/* End XCBuildConfiguration section */

/* Begin XCConfigurationList section */
		98C22B5E1F2CE6AB00E3D4EC /* Build configuration list for PBXProject "CoderSwag" */ = {
			isa = XCConfigurationList;
			buildConfigurations = (
				98C22B731F2CE6AB00E3D4EC /* Debug */,
				98C22B741F2CE6AB00E3D4EC /* Release */,
			);
			defaultConfigurationIsVisible = 0;
			defaultConfigurationName = Release;
		};
		98C22B751F2CE6AB00E3D4EC /* Build configuration list for PBXNativeTarget "CoderSwag" */ = {
			isa = XCConfigurationList;
			buildConfigurations = (
				98C22B761F2CE6AB00E3D4EC /* Debug */,
				98C22B771F2CE6AB00E3D4EC /* Release */,
			);
			defaultConfigurationIsVisible = 0;
			defaultConfigurationName = Release;
		};
/* End XCConfigurationList section */
	};
	rootObject = 98C22B5B1F2CE6AB00E3D4EC /* Project object */;
}
